
Microsoft Visual Studio Solution File, Format Version 12.00
# Visual Studio Version 17
VisualStudioVersion = 17.11.35327.3
MinimumVisualStudioVersion = 10.0.40219.1
Project("{FAE04EC0-301F-11D3-BF4B-00C04F79EFBC}") = "GestãoLivraria", "GestãoLivraria\GestãoLivraria.csproj", "{6DA07870-AEC4-4A4C-BD0D-39C3712B267E}"
EndProject
Global
	GlobalSection(SolutionConfigurationPlatforms) = preSolution
		Debug|Any CPU = Debug|Any CPU
		Release|Any CPU = Release|Any CPU
	EndGlobalSection
	GlobalSection(ProjectConfigurationPlatforms) = postSolution
		{6DA07870-AEC4-4A4C-BD0D-39C3712B267E}.Debug|Any CPU.ActiveCfg = Debug|Any CPU
		{6DA07870-AEC4-4A4C-BD0D-39C3712B267E}.Debug|Any CPU.Build.0 = Debug|Any CPU
		{6DA07870-AEC4-4A4C-BD0D-39C3712B267E}.Release|Any CPU.ActiveCfg = Release|Any CPU
		{6DA07870-AEC4-4A4C-BD0D-39C3712B267E}.Release|Any CPU.Build.0 = Release|Any CPU
	EndGlobalSection
	GlobalSection(SolutionProperties) = preSolution
		HideSolutionNode = FALSE
	EndGlobalSection
	GlobalSection(ExtensibilityGlobals) = postSolution
		SolutionGuid = {B878A872-5135-4E73-A49D-5F5DEFDE88D0}
	EndGlobalSection
EndGlobal
